
Microsoft Visual Studio Solution File, Format Version 12.00
# Visual Studio Version 16
VisualStudioVersion = 16.0.32002.261
MinimumVisualStudioVersion = 10.0.40219.1
Project("{FAE04EC0-301F-11D3-BF4B-00C04F79EFBC}") = "ejemplo1", "ejemplo1\ejemplo1.csproj", "{B1736FFF-7897-4A7F-AE0C-331C0F35FEC7}"
EndProject
Global
	GlobalSection(SolutionConfigurationPlatforms) = preSolution
		Debug|Any CPU = Debug|Any CPU
		Release|Any CPU = Release|Any CPU
	EndGlobalSection
	GlobalSection(ProjectConfigurationPlatforms) = postSolution
		{B1736FFF-7897-4A7F-AE0C-331C0F35FEC7}.Debug|Any CPU.ActiveCfg = Debug|Any CPU
		{B1736FFF-7897-4A7F-AE0C-331C0F35FEC7}.Debug|Any CPU.Build.0 = Debug|Any CPU
		{B1736FFF-7897-4A7F-AE0C-331C0F35FEC7}.Release|Any CPU.ActiveCfg = Release|Any CPU
		{B1736FFF-7897-4A7F-AE0C-331C0F35FEC7}.Release|Any CPU.Build.0 = Release|Any CPU
	EndGlobalSection
	GlobalSection(SolutionProperties) = preSolution
		HideSolutionNode = FALSE
	EndGlobalSection
	GlobalSection(ExtensibilityGlobals) = postSolution
		SolutionGuid = {4FCACE28-B8D1-41D5-9E8D-35E9C2CB10C0}
	EndGlobalSection
EndGlobal
